
Microsoft Visual Studio Solution File, Format Version 10.00
# Visual C++ Express 2008
Project("{8BC9CEB8-8B4A-11D0-8D11-00A0C91BC942}") = "strongtalk-main", "strongtalk-main\strongtalk-main.vcproj", "{EC88A456-8548-4901-8CE2-C657B81327EC}"
	ProjectSection(ProjectDependencies) = postProject
		{BFE5409B-5B2B-4667-A91A-D5A5E7DC8A83} = {BFE5409B-5B2B-4667-A91A-D5A5E7DC8A83}
	EndProjectSection
EndProject
Project("{8BC9CEB8-8B4A-11D0-8D11-00A0C91BC942}") = "EasyUnit", "easyunit\EasyUnit.vcproj", "{C594C167-71C2-4019-8A3B-F8C28069A0E6}"
EndProject
Project("{8BC9CEB8-8B4A-11D0-8D11-00A0C91BC942}") = "makedeps", "makedeps\makedeps.vcproj", "{4C63951D-97E7-4846-8DD0-764CC4753D73}"
EndProject
Project("{8BC9CEB8-8B4A-11D0-8D11-00A0C91BC942}") = "strongtalk", "strongtalk\strongtalk.vcproj", "{BFE5409B-5B2B-4667-A91A-D5A5E7DC8A83}"
	ProjectSection(ProjectDependencies) = postProject
		{4C63951D-97E7-4846-8DD0-764CC4753D73} = {4C63951D-97E7-4846-8DD0-764CC4753D73}
	EndProjectSection
EndProject
Project("{8BC9CEB8-8B4A-11D0-8D11-00A0C91BC942}") = "strongtalk-test", "strongtalk-test\strongtalk-test.vcproj", "{DDDCEC02-9CCF-4178-9596-E00D6F71C083}"
	ProjectSection(ProjectDependencies) = postProject
		{C594C167-71C2-4019-8A3B-F8C28069A0E6} = {C594C167-71C2-4019-8A3B-F8C28069A0E6}
		{BFE5409B-5B2B-4667-A91A-D5A5E7DC8A83} = {BFE5409B-5B2B-4667-A91A-D5A5E7DC8A83}
	EndProjectSection
EndProject
Global
	GlobalSection(SolutionConfigurationPlatforms) = preSolution
		Debug|Win32 = Debug|Win32
		Fast|Win32 = Fast|Win32
		Product|Win32 = Product|Win32
		Release|Win32 = Release|Win32
	EndGlobalSection
	GlobalSection(ProjectConfigurationPlatforms) = postSolution
		{EC88A456-8548-4901-8CE2-C657B81327EC}.Debug|Win32.ActiveCfg = Debug|Win32
		{EC88A456-8548-4901-8CE2-C657B81327EC}.Debug|Win32.Build.0 = Debug|Win32
		{EC88A456-8548-4901-8CE2-C657B81327EC}.Fast|Win32.ActiveCfg = Release|Win32
		{EC88A456-8548-4901-8CE2-C657B81327EC}.Fast|Win32.Build.0 = Release|Win32
		{EC88A456-8548-4901-8CE2-C657B81327EC}.Product|Win32.ActiveCfg = Release|Win32
		{EC88A456-8548-4901-8CE2-C657B81327EC}.Product|Win32.Build.0 = Release|Win32
		{EC88A456-8548-4901-8CE2-C657B81327EC}.Release|Win32.ActiveCfg = Release|Win32
		{EC88A456-8548-4901-8CE2-C657B81327EC}.Release|Win32.Build.0 = Release|Win32
		{C594C167-71C2-4019-8A3B-F8C28069A0E6}.Debug|Win32.ActiveCfg = Debug|Win32
		{C594C167-71C2-4019-8A3B-F8C28069A0E6}.Debug|Win32.Build.0 = Debug|Win32
		{C594C167-71C2-4019-8A3B-F8C28069A0E6}.Fast|Win32.ActiveCfg = Release|Win32
		{C594C167-71C2-4019-8A3B-F8C28069A0E6}.Fast|Win32.Build.0 = Release|Win32
		{C594C167-71C2-4019-8A3B-F8C28069A0E6}.Product|Win32.ActiveCfg = Release|Win32
		{C594C167-71C2-4019-8A3B-F8C28069A0E6}.Product|Win32.Build.0 = Release|Win32
		{C594C167-71C2-4019-8A3B-F8C28069A0E6}.Release|Win32.ActiveCfg = Release|Win32
		{C594C167-71C2-4019-8A3B-F8C28069A0E6}.Release|Win32.Build.0 = Release|Win32
		{4C63951D-97E7-4846-8DD0-764CC4753D73}.Debug|Win32.ActiveCfg = Debug|Win32
		{4C63951D-97E7-4846-8DD0-764CC4753D73}.Debug|Win32.Build.0 = Debug|Win32
		{4C63951D-97E7-4846-8DD0-764CC4753D73}.Fast|Win32.ActiveCfg = Release|Win32
		{4C63951D-97E7-4846-8DD0-764CC4753D73}.Fast|Win32.Build.0 = Release|Win32
		{4C63951D-97E7-4846-8DD0-764CC4753D73}.Product|Win32.ActiveCfg = Release|Win32
		{4C63951D-97E7-4846-8DD0-764CC4753D73}.Product|Win32.Build.0 = Release|Win32
		{4C63951D-97E7-4846-8DD0-764CC4753D73}.Release|Win32.ActiveCfg = Release|Win32
		{4C63951D-97E7-4846-8DD0-764CC4753D73}.Release|Win32.Build.0 = Release|Win32
		{BFE5409B-5B2B-4667-A91A-D5A5E7DC8A83}.Debug|Win32.ActiveCfg = Debug|Win32
		{BFE5409B-5B2B-4667-A91A-D5A5E7DC8A83}.Debug|Win32.Build.0 = Debug|Win32
		{BFE5409B-5B2B-4667-A91A-D5A5E7DC8A83}.Fast|Win32.ActiveCfg = Fast|Win32
		{BFE5409B-5B2B-4667-A91A-D5A5E7DC8A83}.Fast|Win32.Build.0 = Fast|Win32
		{BFE5409B-5B2B-4667-A91A-D5A5E7DC8A83}.Product|Win32.ActiveCfg = Product|Win32
		{BFE5409B-5B2B-4667-A91A-D5A5E7DC8A83}.Product|Win32.Build.0 = Product|Win32
		{BFE5409B-5B2B-4667-A91A-D5A5E7DC8A83}.Release|Win32.ActiveCfg = Release|Win32
		{BFE5409B-5B2B-4667-A91A-D5A5E7DC8A83}.Release|Win32.Build.0 = Release|Win32
		{DDDCEC02-9CCF-4178-9596-E00D6F71C083}.Debug|Win32.ActiveCfg = Debug|Win32
		{DDDCEC02-9CCF-4178-9596-E00D6F71C083}.Debug|Win32.Build.0 = Debug|Win32
		{DDDCEC02-9CCF-4178-9596-E00D6F71C083}.Fast|Win32.ActiveCfg = Release|Win32
		{DDDCEC02-9CCF-4178-9596-E00D6F71C083}.Fast|Win32.Build.0 = Release|Win32
		{DDDCEC02-9CCF-4178-9596-E00D6F71C083}.Product|Win32.ActiveCfg = Release|Win32
		{DDDCEC02-9CCF-4178-9596-E00D6F71C083}.Product|Win32.Build.0 = Release|Win32
		{DDDCEC02-9CCF-4178-9596-E00D6F71C083}.Release|Win32.ActiveCfg = Release|Win32
		{DDDCEC02-9CCF-4178-9596-E00D6F71C083}.Release|Win32.Build.0 = Release|Win32
	EndGlobalSection
	GlobalSection(SolutionProperties) = preSolution
		HideSolutionNode = FALSE
	EndGlobalSection
EndGlobal
